
Microsoft Visual Studio Solution File, Format Version 12.00
# Visual Studio Version 17
VisualStudioVersion = 17.11.35327.3
MinimumVisualStudioVersion = 10.0.40219.1
Project("{9A19103F-16F7-4668-BE54-9A1E7A4F7556}") = "Portfolio-Website", "Portfolio-Website.csproj", "{47660E1A-66BE-41D3-B813-6FF62211D837}"
EndProject
Global
	GlobalSection(SolutionConfigurationPlatforms) = preSolution
		Debug|Any CPU = Debug|Any CPU
		Release|Any CPU = Release|Any CPU
	EndGlobalSection
	GlobalSection(ProjectConfigurationPlatforms) = postSolution
		{47660E1A-66BE-41D3-B813-6FF62211D837}.Debug|Any CPU.ActiveCfg = Debug|Any CPU
		{47660E1A-66BE-41D3-B813-6FF62211D837}.Debug|Any CPU.Build.0 = Debug|Any CPU
		{47660E1A-66BE-41D3-B813-6FF62211D837}.Release|Any CPU.ActiveCfg = Release|Any CPU
		{47660E1A-66BE-41D3-B813-6FF62211D837}.Release|Any CPU.Build.0 = Release|Any CPU
	EndGlobalSection
	GlobalSection(SolutionProperties) = preSolution
		HideSolutionNode = FALSE
	EndGlobalSection
	GlobalSection(ExtensibilityGlobals) = postSolution
		SolutionGuid = {8E82392C-66F9-4987-98BC-BEC8B3A836AE}
	EndGlobalSection
EndGlobal
